PODS:
  - LookinServer (1.2.8):
    - LookinServer/Core (= 1.2.8)
  - LookinServer/Core (1.2.8)
  - Masonry (1.1.0)

DEPENDENCIES:
  - LookinServer
  - Masonry

SPEC REPOS:
  trunk:
    - LookinServer
    - Masonry

SPEC CHECKSUMS:
  LookinServer: 1b2b61c6402ae29fa22182d48f5cd067b4e99e80
  Masonry: 678fab65091a9290e40e2832a55e7ab731aad201

PODFILE CHECKSUM: 91715351f25a0e5f40c3b41e0a7584b80f2634ac

COCOAPODS: 1.16.2
